// !$*UTF8*$!
{
	archiveVersion = 1;
	classes = {
	};
	objectVersion = 56;
	objects = {

/* Begin PBXBuildFile section */
		EBD3EBA729ACBF3200AF5E8D /* LaunchScreen.storyboard in Resources */ = {isa = PBXBuildFile; fileRef = EBD3EBA629ACBF3200AF5E8D /* LaunchScreen.storyboard */; };
		EBD3EBA929ACBF7D00AF5E8D /* AppDelegate.swift in Sources */ = {isa = PBXBuildFile; fileRef = EBD3EBA829ACBF7D00AF5E8D /* AppDelegate.swift */; };
		EBD3EBAB29ACBF8D00AF5E8D /* SceneDelegate.swift in Sources */ = {isa = PBXBuildFile; fileRef = EBD3EBAA29ACBF8D00AF5E8D /* SceneDelegate.swift */; };
		EBE99926299111DC00C1D275 /* ContentView.swift in Sources */ = {isa = PBXBuildFile; fileRef = EBE99925299111DC00C1D275 /* ContentView.swift */; };
		EBE99928299111E200C1D275 /* Assets.xcassets in Resources */ = {isa = PBXBuildFile; fileRef = EBE99927299111E200C1D275 /* Assets.xcassets */; };
		EBE9992B299111E200C1D275 /* Preview Assets.xcassets in Resources */ = {isa = PBXBuildFile; fileRef = EBE9992A299111E200C1D275 /* Preview Assets.xcassets */; };
		EBE9993A2991122F00C1D275 /* AppView.swift in Sources */ = {isa = PBXBuildFile; fileRef = EBE999392991122F00C1D275 /* AppView.swift */; };
		EBE9993C2991124700C1D275 /* AvocadosView.swift in Sources */ = {isa = PBXBuildFile; fileRef = EBE9993B2991124700C1D275 /* AvocadosView.swift */; };
		EBE9993E2991126300C1D275 /* HeaderView.swift in Sources */ = {isa = PBXBuildFile; fileRef = EBE9993D2991126200C1D275 /* HeaderView.swift */; };
		EBE999402991127D00C1D275 /* RipeningStagesView.swift in Sources */ = {isa = PBXBuildFile; fileRef = EBE9993F2991127D00C1D275 /* RipeningStagesView.swift */; };
		EBE99942299112B100C1D275 /* SettingsView.swift in Sources */ = {isa = PBXBuildFile; fileRef = EBE99941299112B100C1D275 /* SettingsView.swift */; };
		EBE99944299112BD00C1D275 /* DishesView.swift in Sources */ = {isa = PBXBuildFile; fileRef = EBE99943299112BD00C1D275 /* DishesView.swift */; };
		EBE99946299112C800C1D275 /* FactsView.swift in Sources */ = {isa = PBXBuildFile; fileRef = EBE99945299112C800C1D275 /* FactsView.swift */; };
		EBE99948299112DA00C1D275 /* RecipeCardView.swift in Sources */ = {isa = PBXBuildFile; fileRef = EBE99947299112DA00C1D275 /* RecipeCardView.swift */; };
		EBE9994A299112EA00C1D275 /* RecipeRatingView.swift in Sources */ = {isa = PBXBuildFile; fileRef = EBE99949299112EA00C1D275 /* RecipeRatingView.swift */; };
		EBE9994C299112FC00C1D275 /* RecipeCookingView.swift in Sources */ = {isa = PBXBuildFile; fileRef = EBE9994B299112FB00C1D275 /* RecipeCookingView.swift */; };
		EBE9994E2991130800C1D275 /* RecipeDetailView.swift in Sources */ = {isa = PBXBuildFile; fileRef = EBE9994D2991130800C1D275 /* RecipeDetailView.swift */; };
		EBE999502991131500C1D275 /* RipeningView.swift in Sources */ = {isa = PBXBuildFile; fileRef = EBE9994F2991131500C1D275 /* RipeningView.swift */; };
		EBE999522991133800C1D275 /* HeaderModel.swift in Sources */ = {isa = PBXBuildFile; fileRef = EBE999512991133800C1D275 /* HeaderModel.swift */; };
		EBE999542991134200C1D275 /* FactModel.swift in Sources */ = {isa = PBXBuildFile; fileRef = EBE999532991134100C1D275 /* FactModel.swift */; };
		EBE999562991134D00C1D275 /* RecipeModel.swift in Sources */ = {isa = PBXBuildFile; fileRef = EBE999552991134D00C1D275 /* RecipeModel.swift */; };
		EBE999582991135B00C1D275 /* RipeningModel.swift in Sources */ = {isa = PBXBuildFile; fileRef = EBE999572991135B00C1D275 /* RipeningModel.swift */; };
		EBE9995A2991137A00C1D275 /* HeaderData.swift in Sources */ = {isa = PBXBuildFile; fileRef = EBE999592991137A00C1D275 /* HeaderData.swift */; };
		EBE9995C2991138300C1D275 /* FactData.swift in Sources */ = {isa = PBXBuildFile; fileRef = EBE9995B2991138300C1D275 /* FactData.swift */; };
		EBE9995E2991138D00C1D275 /* RecipeData.swift in Sources */ = {isa = PBXBuildFile; fileRef = EBE9995D2991138D00C1D275 /* RecipeData.swift */; };
		EBE999602991139800C1D275 /* RipeningData.swift in Sources */ = {isa = PBXBuildFile; fileRef = EBE9995F2991139800C1D275 /* RipeningData.swift */; };
/* End PBXBuildFile section */

/* Begin PBXFileReference section */
		EBD3EBA629ACBF3200AF5E8D /* LaunchScreen.storyboard */ = {isa = PBXFileReference; lastKnownFileType = file.storyboard; path = LaunchScreen.storyboard; sourceTree = "<group>"; };
		EBD3EBA829ACBF7D00AF5E8D /* AppDelegate.swift */ = {isa = PBXFileReference; lastKnownFileType = sourcecode.swift; path = AppDelegate.swift; sourceTree = "<group>"; };
		EBD3EBAA29ACBF8D00AF5E8D /* SceneDelegate.swift */ = {isa = PBXFileReference; lastKnownFileType = sourcecode.swift; path = SceneDelegate.swift; sourceTree = "<group>"; };
		EBE99920299111DC00C1D275 /* AvocadoRecipe.app */ = {isa = PBXFileReference; explicitFileType = wrapper.application; includeInIndex = 0; path = AvocadoRecipe.app; sourceTree = BUILT_PRODUCTS_DIR; };
		EBE99925299111DC00C1D275 /* ContentView.swift */ = {isa = PBXFileReference; lastKnownFileType = sourcecode.swift; path = ContentView.swift; sourceTree = "<group>"; };
		EBE99927299111E200C1D275 /* Assets.xcassets */ = {isa = PBXFileReference; lastKnownFileType = folder.assetcatalog; path = Assets.xcassets; sourceTree = "<group>"; };
		EBE9992A299111E200C1D275 /* Preview Assets.xcassets */ = {isa = PBXFileReference; lastKnownFileType = folder.assetcatalog; path = "Preview Assets.xcassets"; sourceTree = "<group>"; };
		EBE999392991122F00C1D275 /* AppView.swift */ = {isa = PBXFileReference; lastKnownFileType = sourcecode.swift; path = AppView.swift; sourceTree = "<group>"; };
		EBE9993B2991124700C1D275 /* AvocadosView.swift */ = {isa = PBXFileReference; lastKnownFileType = sourcecode.swift; path = AvocadosView.swift; sourceTree = "<group>"; };
		EBE9993D2991126200C1D275 /* HeaderView.swift */ = {isa = PBXFileReference; lastKnownFileType = sourcecode.swift; path = HeaderView.swift; sourceTree = "<group>"; };
		EBE9993F2991127D00C1D275 /* RipeningStagesView.swift */ = {isa = PBXFileReference; lastKnownFileType = sourcecode.swift; path = RipeningStagesView.swift; sourceTree = "<group>"; };
		EBE99941299112B100C1D275 /* SettingsView.swift */ = {isa = PBXFileReference; lastKnownFileType = sourcecode.swift; path = SettingsView.swift; sourceTree = "<group>"; };
		EBE99943299112BD00C1D275 /* DishesView.swift */ = {isa = PBXFileReference; lastKnownFileType = sourcecode.swift; path = DishesView.swift; sourceTree = "<group>"; };
		EBE99945299112C800C1D275 /* FactsView.swift */ = {isa = PBXFileReference; lastKnownFileType = sourcecode.swift; path = FactsView.swift; sourceTree = "<group>"; };
		EBE99947299112DA00C1D275 /* RecipeCardView.swift */ = {isa = PBXFileReference; lastKnownFileType = sourcecode.swift; path = RecipeCardView.swift; sourceTree = "<group>"; };
		EBE99949299112EA00C1D275 /* RecipeRatingView.swift */ = {isa = PBXFileReference; lastKnownFileType = sourcecode.swift; path = RecipeRatingView.swift; sourceTree = "<group>"; };
		EBE9994B299112FB00C1D275 /* RecipeCookingView.swift */ = {isa = PBXFileReference; lastKnownFileType = sourcecode.swift; path = RecipeCookingView.swift; sourceTree = "<group>"; };
		EBE9994D2991130800C1D275 /* RecipeDetailView.swift */ = {isa = PBXFileReference; lastKnownFileType = sourcecode.swift; path = RecipeDetailView.swift; sourceTree = "<group>"; };
		EBE9994F2991131500C1D275 /* RipeningView.swift */ = {isa = PBXFileReference; lastKnownFileType = sourcecode.swift; path = RipeningView.swift; sourceTree = "<group>"; };
		EBE999512991133800C1D275 /* HeaderModel.swift */ = {isa = PBXFileReference; lastKnownFileType = sourcecode.swift; path = HeaderModel.swift; sourceTree = "<group>"; };
		EBE999532991134100C1D275 /* FactModel.swift */ = {isa = PBXFileReference; lastKnownFileType = sourcecode.swift; path = FactModel.swift; sourceTree = "<group>"; };
		EBE999552991134D00C1D275 /* RecipeModel.swift */ = {isa = PBXFileReference; lastKnownFileType = sourcecode.swift; path = RecipeModel.swift; sourceTree = "<group>"; };
		EBE999572991135B00C1D275 /* RipeningModel.swift */ = {isa = PBXFileReference; lastKnownFileType = sourcecode.swift; path = RipeningModel.swift; sourceTree = "<group>"; };
		EBE999592991137A00C1D275 /* HeaderData.swift */ = {isa = PBXFileReference; lastKnownFileType = sourcecode.swift; path = HeaderData.swift; sourceTree = "<group>"; };
		EBE9995B2991138300C1D275 /* FactData.swift */ = {isa = PBXFileReference; lastKnownFileType = sourcecode.swift; path = FactData.swift; sourceTree = "<group>"; };
		EBE9995D2991138D00C1D275 /* RecipeData.swift */ = {isa = PBXFileReference; lastKnownFileType = sourcecode.swift; path = RecipeData.swift; sourceTree = "<group>"; };
		EBE9995F2991139800C1D275 /* RipeningData.swift */ = {isa = PBXFileReference; lastKnownFileType = sourcecode.swift; path = RipeningData.swift; sourceTree = "<group>"; };
/* End PBXFileReference section */

/* Begin PBXFrameworksBuildPhase section */
		EBE9991D299111DC00C1D275 /* Frameworks */ = {
			isa = PBXFrameworksBuildPhase;
			buildActionMask = 2147483647;
			files = (
			);
			runOnlyForDeploymentPostprocessing = 0;
		};
/* End PBXFrameworksBuildPhase section */

/* Begin PBXGroup section */
		EBE99917299111DC00C1D275 = {
			isa = PBXGroup;
			children = (
				EBE99922299111DC00C1D275 /* AvocadoRecipe */,
				EBE99921299111DC00C1D275 /* Products */,
			);
			sourceTree = "<group>";
		};
		EBE99921299111DC00C1D275 /* Products */ = {
			isa = PBXGroup;
			children = (
				EBE99920299111DC00C1D275 /* AvocadoRecipe.app */,
			);
			name = Products;
			sourceTree = "<group>";
		};
		EBE99922299111DC00C1D275 /* AvocadoRecipe */ = {
			isa = PBXGroup;
			children = (
				EBE99938299111FB00C1D275 /* View */,
				EBE99937299111F400C1D275 /* Model */,
				EBE99936299111ED00C1D275 /* Data */,
				EBE99927299111E200C1D275 /* Assets.xcassets */,
				EBD3EBA629ACBF3200AF5E8D /* LaunchScreen.storyboard */,
				EBE99929299111E200C1D275 /* Preview Content */,
				EBD3EBA829ACBF7D00AF5E8D /* AppDelegate.swift */,
				EBD3EBAA29ACBF8D00AF5E8D /* SceneDelegate.swift */,
			);
			path = AvocadoRecipe;
			sourceTree = "<group>";
		};
		EBE99929299111E200C1D275 /* Preview Content */ = {
			isa = PBXGroup;
			children = (
				EBE9992A299111E200C1D275 /* Preview Assets.xcassets */,
			);
			path = "Preview Content";
			sourceTree = "<group>";
		};
		EBE99936299111ED00C1D275 /* Data */ = {
			isa = PBXGroup;
			children = (
				EBE999592991137A00C1D275 /* HeaderData.swift */,
				EBE9995B2991138300C1D275 /* FactData.swift */,
				EBE9995D2991138D00C1D275 /* RecipeData.swift */,
				EBE9995F2991139800C1D275 /* RipeningData.swift */,
			);
			path = Data;
			sourceTree = "<group>";
		};
		EBE99937299111F400C1D275 /* Model */ = {
			isa = PBXGroup;
			children = (
				EBE999512991133800C1D275 /* HeaderModel.swift */,
				EBE999532991134100C1D275 /* FactModel.swift */,
				EBE999552991134D00C1D275 /* RecipeModel.swift */,
				EBE999572991135B00C1D275 /* RipeningModel.swift */,
			);
			path = Model;
			sourceTree = "<group>";
		};
		EBE99938299111FB00C1D275 /* View */ = {
			isa = PBXGroup;
			children = (
				EBE999392991122F00C1D275 /* AppView.swift */,
				EBE9993B2991124700C1D275 /* AvocadosView.swift */,
				EBE99925299111DC00C1D275 /* ContentView.swift */,
				EBE9993D2991126200C1D275 /* HeaderView.swift */,
				EBE9993F2991127D00C1D275 /* RipeningStagesView.swift */,
				EBE99941299112B100C1D275 /* SettingsView.swift */,
				EBE99943299112BD00C1D275 /* DishesView.swift */,
				EBE99945299112C800C1D275 /* FactsView.swift */,
				EBE99947299112DA00C1D275 /* RecipeCardView.swift */,
				EBE99949299112EA00C1D275 /* RecipeRatingView.swift */,
				EBE9994B299112FB00C1D275 /* RecipeCookingView.swift */,
				EBE9994D2991130800C1D275 /* RecipeDetailView.swift */,
				EBE9994F2991131500C1D275 /* RipeningView.swift */,
			);
			name = View;
			sourceTree = "<group>";
		};
/* End PBXGroup section */

/* Begin PBXNativeTarget section */
		EBE9991F299111DC00C1D275 /* AvocadoRecipe */ = {
			isa = PBXNativeTarget;
			buildConfigurationList = EBE99933299111E200C1D275 /* Build configuration list for PBXNativeTarget "AvocadoRecipe" */;
			buildPhases = (
				EBE9991C299111DC00C1D275 /* Sources */,
				EBE9991D299111DC00C1D275 /* Frameworks */,
				EBE9991E299111DC00C1D275 /* Resources */,
			);
			buildRules = (
			);
			dependencies = (
			);
			name = AvocadoRecipe;
			productName = AvocadoRecipe;
			productReference = EBE99920299111DC00C1D275 /* AvocadoRecipe.app */;
			productType = "com.apple.product-type.application";
		};
/* End PBXNativeTarget section */

/* Begin PBXProject section */
		EBE99918299111DC00C1D275 /* Project object */ = {
			isa = PBXProject;
			attributes = {
				BuildIndependentTargetsInParallel = 1;
				LastSwiftUpdateCheck = 1400;
				LastUpgradeCheck = 1400;
				TargetAttributes = {
					EBE9991F299111DC00C1D275 = {
						CreatedOnToolsVersion = 14.0.1;
					};
				};
			};
			buildConfigurationList = EBE9991B299111DC00C1D275 /* Build configuration list for PBXProject "AvocadoRecipe" */;
			compatibilityVersion = "Xcode 14.0";
			developmentRegion = en;
			hasScannedForEncodings = 0;
			knownRegions = (
				en,
				Base,
			);
			mainGroup = EBE99917299111DC00C1D275;
			productRefGroup = EBE99921299111DC00C1D275 /* Products */;
			projectDirPath = "";
			projectRoot = "";
			targets = (
				EBE9991F299111DC00C1D275 /* AvocadoRecipe */,
			);
		};
/* End PBXProject section */

/* Begin PBXResourcesBuildPhase section */
		EBE9991E299111DC00C1D275 /* Resources */ = {
			isa = PBXResourcesBuildPhase;
			buildActionMask = 2147483647;
			files = (
				EBD3EBA729ACBF3200AF5E8D /* LaunchScreen.storyboard in Resources */,
				EBE9992B299111E200C1D275 /* Preview Assets.xcassets in Resources */,
				EBE99928299111E200C1D275 /* Assets.xcassets in Resources */,
			);
			runOnlyForDeploymentPostprocessing = 0;
		};
/* End PBXResourcesBuildPhase section */

/* Begin PBXSourcesBuildPhase section */
		EBE9991C299111DC00C1D275 /* Sources */ = {
			isa = PBXSourcesBuildPhase;
			buildActionMask = 2147483647;
			files = (
				EBD3EBA929ACBF7D00AF5E8D /* AppDelegate.swift in Sources */,
				EBE9995C2991138300C1D275 /* FactData.swift in Sources */,
				EBE9995E2991138D00C1D275 /* RecipeData.swift in Sources */,
				EBE999602991139800C1D275 /* RipeningData.swift in Sources */,
				EBE9994E2991130800C1D275 /* RecipeDetailView.swift in Sources */,
				EBE999402991127D00C1D275 /* RipeningStagesView.swift in Sources */,
				EBD3EBAB29ACBF8D00AF5E8D /* SceneDelegate.swift in Sources */,
				EBE99926299111DC00C1D275 /* ContentView.swift in Sources */,
				EBE999502991131500C1D275 /* RipeningView.swift in Sources */,
				EBE9994C299112FC00C1D275 /* RecipeCookingView.swift in Sources */,
				EBE99942299112B100C1D275 /* SettingsView.swift in Sources */,
				EBE999582991135B00C1D275 /* RipeningModel.swift in Sources */,
				EBE9993C2991124700C1D275 /* AvocadosView.swift in Sources */,
				EBE999522991133800C1D275 /* HeaderModel.swift in Sources */,
				EBE999542991134200C1D275 /* FactModel.swift in Sources */,
				EBE999562991134D00C1D275 /* RecipeModel.swift in Sources */,
				EBE9993A2991122F00C1D275 /* AppView.swift in Sources */,
				EBE99948299112DA00C1D275 /* RecipeCardView.swift in Sources */,
				EBE9994A299112EA00C1D275 /* RecipeRatingView.swift in Sources */,
				EBE99944299112BD00C1D275 /* DishesView.swift in Sources */,
				EBE99946299112C800C1D275 /* FactsView.swift in Sources */,
				EBE9995A2991137A00C1D275 /* HeaderData.swift in Sources */,
				EBE9993E2991126300C1D275 /* HeaderView.swift in Sources */,
			);
			runOnlyForDeploymentPostprocessing = 0;
		};
/* End PBXSourcesBuildPhase section */

/* Begin XCBuildConfiguration section */
		EBE99931299111E200C1D275 /* Debug */ = {
			isa = XCBuildConfiguration;
			buildSettings = {
				ALWAYS_SEARCH_USER_PATHS = NO;
				CLANG_ANALYZER_NONNULL = YES;
				CLANG_ANALYZER_NUMBER_OBJECT_CONVERSION = YES_AGGRESSIVE;
				CLANG_CXX_LANGUAGE_STANDARD = "gnu++20";
				CLANG_ENABLE_MODULES = YES;
				CLANG_ENABLE_OBJC_ARC = YES;
				CLANG_ENABLE_OBJC_WEAK = YES;
				CLANG_WARN_BLOCK_CAPTURE_AUTORELEASING = YES;
				CLANG_WARN_BOOL_CONVERSION = YES;
				CLANG_WARN_COMMA = YES;
				CLANG_WARN_CONSTANT_CONVERSION = YES;
				CLANG_WARN_DEPRECATED_OBJC_IMPLEMENTATIONS = YES;
				CLANG_WARN_DIRECT_OBJC_ISA_USAGE = YES_ERROR;
				CLANG_WARN_DOCUMENTATION_COMMENTS = YES;
				CLANG_WARN_EMPTY_BODY = YES;
				CLANG_WARN_ENUM_CONVERSION = YES;
				CLANG_WARN_INFINITE_RECURSION = YES;
				CLANG_WARN_INT_CONVERSION = YES;
				CLANG_WARN_NON_LITERAL_NULL_CONVERSION = YES;
				CLANG_WARN_OBJC_IMPLICIT_RETAIN_SELF = YES;
				CLANG_WARN_OBJC_LITERAL_CONVERSION = YES;
				CLANG_WARN_OBJC_ROOT_CLASS = YES_ERROR;
				CLANG_WARN_QUOTED_INCLUDE_IN_FRAMEWORK_HEADER = YES;
				CLANG_WARN_RANGE_LOOP_ANALYSIS = YES;
				CLANG_WARN_STRICT_PROTOTYPES = YES;
				CLANG_WARN_SUSPICIOUS_MOVE = YES;
				CLANG_WARN_UNGUARDED_AVAILABILITY = YES_AGGRESSIVE;
				CLANG_WARN_UNREACHABLE_CODE = YES;
				CLANG_WARN__DUPLICATE_METHOD_MATCH = YES;
				COPY_PHASE_STRIP = NO;
				DEBUG_INFORMATION_FORMAT = dwarf;
				ENABLE_STRICT_OBJC_MSGSEND = YES;
				ENABLE_TESTABILITY = YES;
				GCC_C_LANGUAGE_STANDARD = gnu11;
				GCC_DYNAMIC_NO_PIC = NO;
				GCC_NO_COMMON_BLOCKS = YES;
				GCC_OPTIMIZATION_LEVEL = 0;
				GCC_PREPROCESSOR_DEFINITIONS = (
					"DEBUG=1",
					"$(inherited)",
				);
				GCC_WARN_64_TO_32_BIT_CONVERSION = YES;
				GCC_WARN_ABOUT_RETURN_TYPE = YES_ERROR;
				GCC_WARN_UNDECLARED_SELECTOR = YES;
				GCC_WARN_UNINITIALIZED_AUTOS = YES_AGGRESSIVE;
				GCC_WARN_UNUSED_FUNCTION = YES;
				GCC_WARN_UNUSED_VARIABLE = YES;
				IPHONEOS_DEPLOYMENT_TARGET = 16.0;
				MTL_ENABLE_DEBUG_INFO = INCLUDE_SOURCE;
				MTL_FAST_MATH = YES;
				ONLY_ACTIVE_ARCH = YES;
				SDKROOT = iphoneos;
				SWIFT_ACTIVE_COMPILATION_CONDITIONS = DEBUG;
				SWIFT_OPTIMIZATION_LEVEL = "-Onone";
			};
			name = Debug;
		};
		EBE99932299111E200C1D275 /* Release */ = {
			isa = XCBuildConfiguration;
			buildSettings = {
				ALWAYS_SEARCH_USER_PATHS = NO;
				CLANG_ANALYZER_NONNULL = YES;
				CLANG_ANALYZER_NUMBER_OBJECT_CONVERSION = YES_AGGRESSIVE;
				CLANG_CXX_LANGUAGE_STANDARD = "gnu++20";
				CLANG_ENABLE_MODULES = YES;
				CLANG_ENABLE_OBJC_ARC = YES;
				CLANG_ENABLE_OBJC_WEAK = YES;
				CLANG_WARN_BLOCK_CAPTURE_AUTORELEASING = YES;
				CLANG_WARN_BOOL_CONVERSION = YES;
				CLANG_WARN_COMMA = YES;
				CLANG_WARN_CONSTANT_CONVERSION = YES;
				CLANG_WARN_DEPRECATED_OBJC_IMPLEMENTATIONS = YES;
				CLANG_WARN_DIRECT_OBJC_ISA_USAGE = YES_ERROR;
				CLANG_WARN_DOCUMENTATION_COMMENTS = YES;
				CLANG_WARN_EMPTY_BODY = YES;
				CLANG_WARN_ENUM_CONVERSION = YES;
				CLANG_WARN_INFINITE_RECURSION = YES;
				CLANG_WARN_INT_CONVERSION = YES;
				CLANG_WARN_NON_LITERAL_NULL_CONVERSION = YES;
				CLANG_WARN_OBJC_IMPLICIT_RETAIN_SELF = YES;
				CLANG_WARN_OBJC_LITERAL_CONVERSION = YES;
				CLANG_WARN_OBJC_ROOT_CLASS = YES_ERROR;
				CLANG_WARN_QUOTED_INCLUDE_IN_FRAMEWORK_HEADER = YES;
				CLANG_WARN_RANGE_LOOP_ANALYSIS = YES;
				CLANG_WARN_STRICT_PROTOTYPES = YES;
				CLANG_WARN_SUSPICIOUS_MOVE = YES;
				CLANG_WARN_UNGUARDED_AVAILABILITY = YES_AGGRESSIVE;
				CLANG_WARN_UNREACHABLE_CODE = YES;
				CLANG_WARN__DUPLICATE_METHOD_MATCH = YES;
				COPY_PHASE_STRIP = NO;
				DEBUG_INFORMATION_FORMAT = "dwarf-with-dsym";
				ENABLE_NS_ASSERTIONS = NO;
				ENABLE_STRICT_OBJC_MSGSEND = YES;
				GCC_C_LANGUAGE_STANDARD = gnu11;
				GCC_NO_COMMON_BLOCKS = YES;
				GCC_WARN_64_TO_32_BIT_CONVERSION = YES;
				GCC_WARN_ABOUT_RETURN_TYPE = YES_ERROR;
				GCC_WARN_UNDECLARED_SELECTOR = YES;
				GCC_WARN_UNINITIALIZED_AUTOS = YES_AGGRESSIVE;
				GCC_WARN_UNUSED_FUNCTION = YES;
				GCC_WARN_UNUSED_VARIABLE = YES;
				IPHONEOS_DEPLOYMENT_TARGET = 16.0;
				MTL_ENABLE_DEBUG_INFO = NO;
				MTL_FAST_MATH = YES;
				SDKROOT = iphoneos;
				SWIFT_COMPILATION_MODE = wholemodule;
				SWIFT_OPTIMIZATION_LEVEL = "-O";
				VALIDATE_PRODUCT = YES;
			};
			name = Release;
		};
		EBE99934299111E200C1D275 /* Debug */ = {
			isa = XCBuildConfiguration;
			buildSettings = {
				ASSETCATALOG_COMPILER_APPICON_NAME = AppIcon;
				ASSETCATALOG_COMPILER_GLOBAL_ACCENT_COLOR_NAME = AccentColor;
				CODE_SIGN_STYLE = Automatic;
				CURRENT_PROJECT_VERSION = 1;
				DEVELOPMENT_ASSET_PATHS = "\"AvocadoRecipe/Preview Content\"";
				DEVELOPMENT_TEAM = WKR6YG78R4;
				ENABLE_PREVIEWS = YES;
				GENERATE_INFOPLIST_FILE = YES;
				INFOPLIST_KEY_UIApplicationSceneManifest_Generation = YES;
				INFOPLIST_KEY_UIApplicationSupportsIndirectInputEvents = YES;
				INFOPLIST_KEY_UILaunchScreen_Generation = YES;
				INFOPLIST_KEY_UISupportedInterfaceOrientations_iPad = "UIInterfaceOrientationPortrait UIInterfaceOrientationPortraitUpsideDown UIInterfaceOrientationLandscapeLeft UIInterfaceOrientationLandscapeRight";
				INFOPLIST_KEY_UISupportedInterfaceOrientations_iPhone = "UIInterfaceOrientationPortrait UIInterfaceOrientationLandscapeLeft UIInterfaceOrientationLandscapeRight";
				LD_RUNPATH_SEARCH_PATHS = (
					"$(inherited)",
					"@executable_path/Frameworks",
				);
				MARKETING_VERSION = 1.0;
				PRODUCT_BUNDLE_IDENTIFIER = ios.AvocadoRecipe;
				PRODUCT_NAME = "$(TARGET_NAME)";
				SWIFT_EMIT_LOC_STRINGS = YES;
				SWIFT_VERSION = 5.0;
				TARGETED_DEVICE_FAMILY = "1,2";
			};
			name = Debug;
		};
		EBE99935299111E200C1D275 /* Release */ = {
			isa = XCBuildConfiguration;
			buildSettings = {
				ASSETCATALOG_COMPILER_APPICON_NAME = AppIcon;
				ASSETCATALOG_COMPILER_GLOBAL_ACCENT_COLOR_NAME = AccentColor;
				CODE_SIGN_STYLE = Automatic;
				CURRENT_PROJECT_VERSION = 1;
				DEVELOPMENT_ASSET_PATHS = "\"AvocadoRecipe/Preview Content\"";
				DEVELOPMENT_TEAM = WKR6YG78R4;
				ENABLE_PREVIEWS = YES;
				GENERATE_INFOPLIST_FILE = YES;
				INFOPLIST_KEY_UIApplicationSceneManifest_Generation = YES;
				INFOPLIST_KEY_UIApplicationSupportsIndirectInputEvents = YES;
				INFOPLIST_KEY_UILaunchScreen_Generation = YES;
				INFOPLIST_KEY_UISupportedInterfaceOrientations_iPad = "UIInterfaceOrientationPortrait UIInterfaceOrientationPortraitUpsideDown UIInterfaceOrientationLandscapeLeft UIInterfaceOrientationLandscapeRight";
				INFOPLIST_KEY_UISupportedInterfaceOrientations_iPhone = "UIInterfaceOrientationPortrait UIInterfaceOrientationLandscapeLeft UIInterfaceOrientationLandscapeRight";
				LD_RUNPATH_SEARCH_PATHS = (
					"$(inherited)",
					"@executable_path/Frameworks",
				);
				MARKETING_VERSION = 1.0;
				PRODUCT_BUNDLE_IDENTIFIER = ios.AvocadoRecipe;
				PRODUCT_NAME = "$(TARGET_NAME)";
				SWIFT_EMIT_LOC_STRINGS = YES;
				SWIFT_VERSION = 5.0;
				TARGETED_DEVICE_FAMILY = "1,2";
			};
			name = Release;
		};
/* End XCBuildConfiguration section */

/* Begin XCConfigurationList section */
		EBE9991B299111DC00C1D275 /* Build configuration list for PBXProject "AvocadoRecipe" */ = {
			isa = XCConfigurationList;
			buildConfigurations = (
				EBE99931299111E200C1D275 /* Debug */,
				EBE99932299111E200C1D275 /* Release */,
			);
			defaultConfigurationIsVisible = 0;
			defaultConfigurationName = Release;
		};
		EBE99933299111E200C1D275 /* Build configuration list for PBXNativeTarget "AvocadoRecipe" */ = {
			isa = XCConfigurationList;
			buildConfigurations = (
				EBE99934299111E200C1D275 /* Debug */,
				EBE99935299111E200C1D275 /* Release */,
			);
			defaultConfigurationIsVisible = 0;
			defaultConfigurationName = Release;
		};
/* End XCConfigurationList section */
	};
	rootObject = EBE99918299111DC00C1D275 /* Project object */;
}
